
Microsoft Visual Studio Solution File, Format Version 12.00
# Visual Studio Version 17
VisualStudioVersion = 17.13.35919.96
MinimumVisualStudioVersion = 10.0.40219.1
Project("{2150E333-8FDC-42A3-9474-1A3956D46DE8}") = "1 - Services", "1 - Services", "{02EA681E-C7D8-13C7-8484-4AC65E1B71E8}"
EndProject
Project("{2150E333-8FDC-42A3-9474-1A3956D46DE8}") = "3 - Core", "3 - Core", "{F245EE0A-A3A1-47C5-845C-0719A43B4879}"
EndProject
Project("{2150E333-8FDC-42A3-9474-1A3956D46DE8}") = "2 - Migrations", "2 - Migrations", "{5D0063A2-FBB5-48B2-8DC3-C8BBED02427B}"
EndProject
Project("{2150E333-8FDC-42A3-9474-1A3956D46DE8}") = "4 - Tests", "4 - Tests", "{971B87CB-272B-4D79-BC41-DF363832BB8F}"
EndProject
Project("{FAE04EC0-301F-11D3-BF4B-00C04F79EFBC}") = "ArlequimPetShop.Test", "Tests\ArlequimPetShop.Test\ArlequimPetShop.Test.csproj", "{C301C2AC-32D5-5386-7A64-5903A3BF0E7D}"
EndProject
Project("{FAE04EC0-301F-11D3-BF4B-00C04F79EFBC}") = "ArlequimPetShop.SharedKernel", "Core\ArlequimPetShop.SharedKernel\ArlequimPetShop.SharedKernel.csproj", "{02A5E8FA-1BBC-C286-F4BC-B6F733CD50BF}"
EndProject
Project("{FAE04EC0-301F-11D3-BF4B-00C04F79EFBC}") = "ArlequimPetShop.Migrations", "Migrations\ArlequimPetShop.Migration\ArlequimPetShop.Migrations.csproj", "{1CCA1619-B2EA-EEE2-85A4-136AEB6D21F9}"
EndProject
Project("{FAE04EC0-301F-11D3-BF4B-00C04F79EFBC}") = "ArlequimPetShop.Api", "Services\ArlequimPetShop.Api\ArlequimPetShop.Api.csproj", "{20362CFB-5473-C717-31E3-B602DB5B5C9F}"
EndProject
Project("{FAE04EC0-301F-11D3-BF4B-00C04F79EFBC}") = "ArlequimPetShop.Application", "Services\ArlequimPetShop.Application\ArlequimPetShop.Application.csproj", "{83724A79-BFFD-2E4F-B48D-D563F796B6A1}"
EndProject
Project("{FAE04EC0-301F-11D3-BF4B-00C04F79EFBC}") = "ArlequimPetShop.Contracts", "Services\ArlequimPetShop.Contracts\ArlequimPetShop.Contracts.csproj", "{CC3BA347-F420-35EE-1FD7-3C81016C913F}"
EndProject
Project("{FAE04EC0-301F-11D3-BF4B-00C04F79EFBC}") = "ArlequimPetShop.Domain", "Services\ArlequimPetShop.Domain\ArlequimPetShop.Domain.csproj", "{031B1858-2530-5AAB-059C-353F6109D278}"
EndProject
Project("{FAE04EC0-301F-11D3-BF4B-00C04F79EFBC}") = "ArlequimPetShop.Infrastructure", "Services\ArlequimPetShop.Infrastructure\ArlequimPetShop.Infrastructure.csproj", "{4ACC2D58-FA36-2EA5-64EA-89B00E1121FC}"
EndProject
Global
	GlobalSection(SolutionConfigurationPlatforms) = preSolution
		Debug|Any CPU = Debug|Any CPU
		Release|Any CPU = Release|Any CPU
	EndGlobalSection
	GlobalSection(ProjectConfigurationPlatforms) = postSolution
		{C301C2AC-32D5-5386-7A64-5903A3BF0E7D}.Debug|Any CPU.ActiveCfg = Debug|Any CPU
		{C301C2AC-32D5-5386-7A64-5903A3BF0E7D}.Debug|Any CPU.Build.0 = Debug|Any CPU
		{C301C2AC-32D5-5386-7A64-5903A3BF0E7D}.Release|Any CPU.ActiveCfg = Release|Any CPU
		{C301C2AC-32D5-5386-7A64-5903A3BF0E7D}.Release|Any CPU.Build.0 = Release|Any CPU
		{02A5E8FA-1BBC-C286-F4BC-B6F733CD50BF}.Debug|Any CPU.ActiveCfg = Debug|Any CPU
		{02A5E8FA-1BBC-C286-F4BC-B6F733CD50BF}.Debug|Any CPU.Build.0 = Debug|Any CPU
		{02A5E8FA-1BBC-C286-F4BC-B6F733CD50BF}.Release|Any CPU.ActiveCfg = Release|Any CPU
		{02A5E8FA-1BBC-C286-F4BC-B6F733CD50BF}.Release|Any CPU.Build.0 = Release|Any CPU
		{1CCA1619-B2EA-EEE2-85A4-136AEB6D21F9}.Debug|Any CPU.ActiveCfg = Debug|Any CPU
		{1CCA1619-B2EA-EEE2-85A4-136AEB6D21F9}.Debug|Any CPU.Build.0 = Debug|Any CPU
		{1CCA1619-B2EA-EEE2-85A4-136AEB6D21F9}.Release|Any CPU.ActiveCfg = Release|Any CPU
		{1CCA1619-B2EA-EEE2-85A4-136AEB6D21F9}.Release|Any CPU.Build.0 = Release|Any CPU
		{20362CFB-5473-C717-31E3-B602DB5B5C9F}.Debug|Any CPU.ActiveCfg = Debug|Any CPU
		{20362CFB-5473-C717-31E3-B602DB5B5C9F}.Debug|Any CPU.Build.0 = Debug|Any CPU
		{20362CFB-5473-C717-31E3-B602DB5B5C9F}.Release|Any CPU.ActiveCfg = Release|Any CPU
		{20362CFB-5473-C717-31E3-B602DB5B5C9F}.Release|Any CPU.Build.0 = Release|Any CPU
		{83724A79-BFFD-2E4F-B48D-D563F796B6A1}.Debug|Any CPU.ActiveCfg = Debug|Any CPU
		{83724A79-BFFD-2E4F-B48D-D563F796B6A1}.Debug|Any CPU.Build.0 = Debug|Any CPU
		{83724A79-BFFD-2E4F-B48D-D563F796B6A1}.Release|Any CPU.ActiveCfg = Release|Any CPU
		{83724A79-BFFD-2E4F-B48D-D563F796B6A1}.Release|Any CPU.Build.0 = Release|Any CPU
		{CC3BA347-F420-35EE-1FD7-3C81016C913F}.Debug|Any CPU.ActiveCfg = Debug|Any CPU
		{CC3BA347-F420-35EE-1FD7-3C81016C913F}.Debug|Any CPU.Build.0 = Debug|Any CPU
		{CC3BA347-F420-35EE-1FD7-3C81016C913F}.Release|Any CPU.ActiveCfg = Release|Any CPU
		{CC3BA347-F420-35EE-1FD7-3C81016C913F}.Release|Any CPU.Build.0 = Release|Any CPU
		{031B1858-2530-5AAB-059C-353F6109D278}.Debug|Any CPU.ActiveCfg = Debug|Any CPU
		{031B1858-2530-5AAB-059C-353F6109D278}.Debug|Any CPU.Build.0 = Debug|Any CPU
		{031B1858-2530-5AAB-059C-353F6109D278}.Release|Any CPU.ActiveCfg = Release|Any CPU
		{031B1858-2530-5AAB-059C-353F6109D278}.Release|Any CPU.Build.0 = Release|Any CPU
		{4ACC2D58-FA36-2EA5-64EA-89B00E1121FC}.Debug|Any CPU.ActiveCfg = Debug|Any CPU
		{4ACC2D58-FA36-2EA5-64EA-89B00E1121FC}.Debug|Any CPU.Build.0 = Debug|Any CPU
		{4ACC2D58-FA36-2EA5-64EA-89B00E1121FC}.Release|Any CPU.ActiveCfg = Release|Any CPU
		{4ACC2D58-FA36-2EA5-64EA-89B00E1121FC}.Release|Any CPU.Build.0 = Release|Any CPU
	EndGlobalSection
	GlobalSection(SolutionProperties) = preSolution
		HideSolutionNode = FALSE
	EndGlobalSection
	GlobalSection(NestedProjects) = preSolution
		{C301C2AC-32D5-5386-7A64-5903A3BF0E7D} = {971B87CB-272B-4D79-BC41-DF363832BB8F}
		{02A5E8FA-1BBC-C286-F4BC-B6F733CD50BF} = {F245EE0A-A3A1-47C5-845C-0719A43B4879}
		{1CCA1619-B2EA-EEE2-85A4-136AEB6D21F9} = {5D0063A2-FBB5-48B2-8DC3-C8BBED02427B}
		{20362CFB-5473-C717-31E3-B602DB5B5C9F} = {02EA681E-C7D8-13C7-8484-4AC65E1B71E8}
		{83724A79-BFFD-2E4F-B48D-D563F796B6A1} = {02EA681E-C7D8-13C7-8484-4AC65E1B71E8}
		{CC3BA347-F420-35EE-1FD7-3C81016C913F} = {02EA681E-C7D8-13C7-8484-4AC65E1B71E8}
		{031B1858-2530-5AAB-059C-353F6109D278} = {02EA681E-C7D8-13C7-8484-4AC65E1B71E8}
		{4ACC2D58-FA36-2EA5-64EA-89B00E1121FC} = {02EA681E-C7D8-13C7-8484-4AC65E1B71E8}
	EndGlobalSection
	GlobalSection(ExtensibilityGlobals) = postSolution
		SolutionGuid = {CD0B1AC8-0923-438F-8388-47B55C1ECB3A}
	EndGlobalSection
EndGlobal
